{
    "_readme": [
        "This file locks the dependencies of your project to a known state",
        "Read more about it at https://getcomposer.org/doc/01-basic-usage.md#installing-dependencies",
        "This file is @generated automatically"
    ],
    "content-hash": "2acfe106f6eb13f3535f83e5a3a05cd4",
    "packages": [
        {
            "name": "cmb2/cmb2",
            "version": "v2.7.0",
            "source": {
                "type": "git",
                "url": "https://github.com/CMB2/CMB2.git",
                "reference": "438c26dda7ac110d0741448d65614b3ec6379034"
            },
            "dist": {
                "type": "zip",
                "url": "https://api.github.com/repos/CMB2/CMB2/zipball/438c26dda7ac110d0741448d65614b3ec6379034",
                "reference": "438c26dda7ac110d0741448d65614b3ec6379034",
                "shasum": ""
            },
            "require": {
                "php": ">5.2.4"
            },
            "require-dev": {
                "apigen/apigen": "4.1.2",
                "nette/utils": "2.5.3",
                "phpunit/phpunit": "6.5.13"
            },
            "suggest": {
                "composer/installers": "~1.0"
            },
            "type": "wordpress-plugin",
            "notification-url": "https://packagist.org/downloads/",
            "license": [
                "GPL-2.0-or-later"
            ],
            "authors": [
                {
                    "name": "Justin Sternberg",
                    "email": "justin@dsgnwrks.pro",
                    "homepage": "https://dsgnwrks.pro",
                    "role": "Developer"
                },
                {
                    "name": "WebDevStudios",
                    "email": "contact@webdevstudios.com",
                    "homepage": "https://github.com/WebDevStudios",
                    "role": "Developer"
                }
            ],
            "description": "CMB2 is a metabox, custom fields, and forms library for WordPress that will blow your mind.",
            "homepage": "https://github.com/CMB2/CMB2",
            "keywords": [
                "metabox",
                "plugin",
                "wordpress"
            ],
            "time": "2020-01-21T17:49:50+00:00"
        },
        {
            "name": "podkot/cmb-field-select2",
            "version": "2.1.1",
            "source": {
                "type": "git",
                "url": "https://bitbucket.org/podkot/cmb-field-select2.git",
                "reference": "9dea7d657b93ee6c8fb990036704b8a17efb8cbd"
            },
            "dist": {
                "type": "zip",
                "url": "https://bitbucket.org/podkot/cmb-field-select2/get/9dea7d657b93ee6c8fb990036704b8a17efb8cbd.zip",
                "reference": "9dea7d657b93ee6c8fb990036704b8a17efb8cbd",
                "shasum": ""
            },
            "type": "wordpress-plugin",
            "notification-url": "https://packagist.org/downloads/",
            "license": [
                "GPL-2.0+"
            ],
            "authors": [
                {
                    "name": "Phil Wylie",
                    "homepage": "http://www.philwylie.co.uk/"
                }
            ],
            "description": "Select2 field type for CMB2",
            "homepage": "https://bitbucket.org/podkot/cmb-field-select2",
            "keywords": [
                "plugin",
                "wordpress"
            ],
            "time": "2016-10-23T03:15:04+00:00"
        }
    ],
    "packages-dev": [
        {
            "name": "php-stubs/wordpress-globals",
            "version": "v0.1.0",
            "source": {
                "type": "git",
                "url": "https://github.com/php-stubs/wordpress-globals.git",
                "reference": "fa6ef3c694f8ec07eb28b6ffd55b30f9d6e622e5"
            },
            "dist": {
                "type": "zip",
                "url": "https://api.github.com/repos/php-stubs/wordpress-globals/zipball/fa6ef3c694f8ec07eb28b6ffd55b30f9d6e622e5",
                "reference": "fa6ef3c694f8ec07eb28b6ffd55b30f9d6e622e5",
                "shasum": ""
            },
            "require-dev": {
                "php": "~7.1"
            },
            "suggest": {
                "php-stubs/wordpress-stubs": "Up-to-date WordPress function and class declaration stubs",
                "szepeviktor/phpstan-wordpress": "WordPress extensions for PHPStan"
            },
            "type": "library",
            "notification-url": "https://packagist.org/downloads/",
            "license": [
                "MIT"
            ],
            "description": "Global variables and global constants from WordPress core.",
            "homepage": "https://github.com/php-stubs/wordpress-globals",
            "keywords": [
                "PHPStan",
                "constants",
                "globals",
                "static analysis",
                "wordpress"
            ],
            "time": "2019-12-20T22:34:52+00:00"
        }
    ],
    "aliases": [],
    "minimum-stability": "stable",
    "stability-flags": [],
    "prefer-stable": false,
    "prefer-lowest": false,
    "platform": [],
    "platform-dev": []
}
