{
    "name": "better-admin-users-search",
    "version": "1.5.0",
    "lockfileVersion": 2,
    "requires": true,
    "packages": {
        "": {
            "version": "1.5.0",
            "license": "GPLv3",
            "devDependencies": {
                "@prettier/plugin-php": "^0.16.3",
                "prettier": "^2.3.1",
                "wp-pot": "^1.9.8"
            }
        },
        "node_modules/@prettier/plugin-php": {
            "version": "0.16.3",
            "resolved": "https://registry.npmjs.org/@prettier/plugin-php/-/plugin-php-0.16.3.tgz",
            "integrity": "sha512-DNidzeGpP+/wmcCAZNSHxgoAnhEosYG+no4jJRqln19e1o3Okpuir/2JMxb07VCwdG50IWjtNgVwNPVl4uj0Hg==",
            "dev": true,
            "dependencies": {
                "linguist-languages": "^7.5.1",
                "mem": "^8.0.0",
                "php-parser": "3.0.2"
            },
            "peerDependencies": {
                "prettier": "^1.15.0 || ^2.0.0"
            }
        },
        "node_modules/balanced-match": {
            "version": "1.0.0",
            "resolved": "https://registry.npmjs.org/balanced-match/-/balanced-match-1.0.0.tgz",
            "integrity": "sha1-ibTRmasr7kneFk6gK4nORi1xt2c=",
            "dev": true
        },
        "node_modules/brace-expansion": {
            "version": "1.1.11",
            "resolved": "https://registry.npmjs.org/brace-expansion/-/brace-expansion-1.1.11.tgz",
            "integrity": "sha512-iCuPHDFgrHX7H2vEI/5xpz07zSHB00TpugqhmYtVmMO6518mCuRMoOYFldEBl0g187ufozdaHgWKcYFb61qGiA==",
            "dev": true,
            "dependencies": {
                "balanced-match": "^1.0.0",
                "concat-map": "0.0.1"
            }
        },
        "node_modules/concat-map": {
            "version": "0.0.1",
            "resolved": "https://registry.npmjs.org/concat-map/-/concat-map-0.0.1.tgz",
            "integrity": "sha1-2Klr13/Wjfd5OnMDajug1UBdR3s=",
            "dev": true
        },
        "node_modules/fs.realpath": {
            "version": "1.0.0",
            "resolved": "https://registry.npmjs.org/fs.realpath/-/fs.realpath-1.0.0.tgz",
            "integrity": "sha1-FQStJSMVjKpA20onh8sBQRmU6k8=",
            "dev": true
        },
        "node_modules/glob": {
            "version": "7.1.6",
            "resolved": "https://registry.npmjs.org/glob/-/glob-7.1.6.tgz",
            "integrity": "sha512-LwaxwyZ72Lk7vZINtNNrywX0ZuLyStrdDtabefZKAY5ZGJhVtgdznluResxNmPitE0SAO+O26sWTHeKSI2wMBA==",
            "dev": true,
            "dependencies": {
                "fs.realpath": "^1.0.0",
                "inflight": "^1.0.4",
                "inherits": "2",
                "minimatch": "^3.0.4",
                "once": "^1.3.0",
                "path-is-absolute": "^1.0.0"
            },
            "engines": {
                "node": "*"
            }
        },
        "node_modules/inflight": {
            "version": "1.0.6",
            "resolved": "https://registry.npmjs.org/inflight/-/inflight-1.0.6.tgz",
            "integrity": "sha1-Sb1jMdfQLQwJvJEKEHW6gWW1bfk=",
            "dev": true,
            "dependencies": {
                "once": "^1.3.0",
                "wrappy": "1"
            }
        },
        "node_modules/inherits": {
            "version": "2.0.4",
            "resolved": "https://registry.npmjs.org/inherits/-/inherits-2.0.4.tgz",
            "integrity": "sha512-k/vGaX4/Yla3WzyMCvTQOXYeIHvqOKtnqBduzTHpzpQZzAskKMhZ2K+EnBiSM9zGSoIFeMpXKxa4dYeZIQqewQ==",
            "dev": true
        },
        "node_modules/linguist-languages": {
            "version": "7.9.0",
            "resolved": "https://registry.npmjs.org/linguist-languages/-/linguist-languages-7.9.0.tgz",
            "integrity": "sha512-saKTpS7BH8vOOwzrZNTkFL/DuT2JN7cg6oHWY8nAjt89+pV1qFcpbjEEcZdAv9ogc4DcxVFHkXmjeyU/DiFHQw==",
            "dev": true
        },
        "node_modules/map-age-cleaner": {
            "version": "0.1.3",
            "resolved": "https://registry.npmjs.org/map-age-cleaner/-/map-age-cleaner-0.1.3.tgz",
            "integrity": "sha512-bJzx6nMoP6PDLPBFmg7+xRKeFZvFboMrGlxmNj9ClvX53KrmvM5bXFXEWjbz4cz1AFn+jWJ9z/DJSz7hrs0w3w==",
            "dev": true,
            "dependencies": {
                "p-defer": "^1.0.0"
            },
            "engines": {
                "node": ">=6"
            }
        },
        "node_modules/matched": {
            "version": "5.0.0",
            "resolved": "https://registry.npmjs.org/matched/-/matched-5.0.0.tgz",
            "integrity": "sha512-O0LCuxYYBNBjP2dmAg0i6PME0Mb0dvjulpMC0tTIeMRh6kXYsugOT5GOWpFkSzqjQjgOUs/eiyvpVhXdN2La4g==",
            "dev": true,
            "dependencies": {
                "glob": "^7.1.6",
                "picomatch": "^2.2.1"
            },
            "engines": {
                "node": ">=12"
            }
        },
        "node_modules/mem": {
            "version": "8.1.1",
            "resolved": "https://registry.npmjs.org/mem/-/mem-8.1.1.tgz",
            "integrity": "sha512-qFCFUDs7U3b8mBDPyz5EToEKoAkgCzqquIgi9nkkR9bixxOVOre+09lbuH7+9Kn2NFpm56M3GUWVbU2hQgdACA==",
            "dev": true,
            "dependencies": {
                "map-age-cleaner": "^0.1.3",
                "mimic-fn": "^3.1.0"
            },
            "engines": {
                "node": ">=10"
            },
            "funding": {
                "url": "https://github.com/sindresorhus/mem?sponsor=1"
            }
        },
        "node_modules/mimic-fn": {
            "version": "3.1.0",
            "resolved": "https://registry.npmjs.org/mimic-fn/-/mimic-fn-3.1.0.tgz",
            "integrity": "sha512-Ysbi9uYW9hFyfrThdDEQuykN4Ey6BuwPD2kpI5ES/nFTDn/98yxYNLZJcgUAKPT/mcrLLKaGzJR9YVxJrIdASQ==",
            "dev": true,
            "engines": {
                "node": ">=8"
            }
        },
        "node_modules/minimatch": {
            "version": "3.0.4",
            "resolved": "https://registry.npmjs.org/minimatch/-/minimatch-3.0.4.tgz",
            "integrity": "sha512-yJHVQEhyqPLUTgt9B83PXu6W3rx4MvvHvSUvToogpwoGDOUQ+yDrR0HRot+yOCdCO7u4hX3pWft6kWBBcqh0UA==",
            "dev": true,
            "dependencies": {
                "brace-expansion": "^1.1.7"
            },
            "engines": {
                "node": "*"
            }
        },
        "node_modules/once": {
            "version": "1.4.0",
            "resolved": "https://registry.npmjs.org/once/-/once-1.4.0.tgz",
            "integrity": "sha1-WDsap3WWHUsROsF9nFC6753Xa9E=",
            "dev": true,
            "dependencies": {
                "wrappy": "1"
            }
        },
        "node_modules/p-defer": {
            "version": "1.0.0",
            "resolved": "https://registry.npmjs.org/p-defer/-/p-defer-1.0.0.tgz",
            "integrity": "sha1-n26xgvbJqozXQwBKfU+WsZaw+ww=",
            "dev": true,
            "engines": {
                "node": ">=4"
            }
        },
        "node_modules/path-is-absolute": {
            "version": "1.0.1",
            "resolved": "https://registry.npmjs.org/path-is-absolute/-/path-is-absolute-1.0.1.tgz",
            "integrity": "sha1-F0uSaHNVNP+8es5r9TpanhtcX18=",
            "dev": true,
            "engines": {
                "node": ">=0.10.0"
            }
        },
        "node_modules/path-sort": {
            "version": "0.1.0",
            "resolved": "https://registry.npmjs.org/path-sort/-/path-sort-0.1.0.tgz",
            "integrity": "sha1-ywF11Oy/paGP5nTMbXIL/hXguAU=",
            "dev": true
        },
        "node_modules/php-parser": {
            "version": "3.0.2",
            "resolved": "https://registry.npmjs.org/php-parser/-/php-parser-3.0.2.tgz",
            "integrity": "sha512-a7y1+odEGsceLDLpu7oNyspZ0pK8FMWJOoim4/yd82AtnEZNLdCLZ67arnOQZ9K0lHJiSp4/7lVUpGELVxE14w==",
            "dev": true
        },
        "node_modules/picomatch": {
            "version": "2.2.2",
            "resolved": "https://registry.npmjs.org/picomatch/-/picomatch-2.2.2.tgz",
            "integrity": "sha512-q0M/9eZHzmr0AulXyPwNfZjtwZ/RBZlbN3K3CErVrk50T2ASYI7Bye0EvekFY3IP1Nt2DHu0re+V2ZHIpMkuWg==",
            "dev": true,
            "engines": {
                "node": ">=8.6"
            }
        },
        "node_modules/prettier": {
            "version": "2.3.1",
            "resolved": "https://registry.npmjs.org/prettier/-/prettier-2.3.1.tgz",
            "integrity": "sha512-p+vNbgpLjif/+D+DwAZAbndtRrR0md0MwfmOVN9N+2RgyACMT+7tfaRnT+WDPkqnuVwleyuBIG2XBxKDme3hPA==",
            "dev": true,
            "bin": {
                "prettier": "bin-prettier.js"
            },
            "engines": {
                "node": ">=10.13.0"
            }
        },
        "node_modules/wp-pot": {
            "version": "1.9.8",
            "resolved": "https://registry.npmjs.org/wp-pot/-/wp-pot-1.9.8.tgz",
            "integrity": "sha512-F861Rx872AW57paoX9Pi8yQA9GW4grw/g7Koe//LSL2G1W0z3T+M/xMSFd2e//vWv2DAsoeiIkNpztpWhLxkTg==",
            "dev": true,
            "dependencies": {
                "matched": "^5.0.0",
                "path-sort": "^0.1.0",
                "php-parser": "^3.0.1"
            },
            "engines": {
                "node": ">=10"
            }
        },
        "node_modules/wrappy": {
            "version": "1.0.2",
            "resolved": "https://registry.npmjs.org/wrappy/-/wrappy-1.0.2.tgz",
            "integrity": "sha1-tSQ9jz7BqjXxNkYFvA0QNuMKtp8=",
            "dev": true
        }
    },
    "dependencies": {
        "@prettier/plugin-php": {
            "version": "0.16.3",
            "resolved": "https://registry.npmjs.org/@prettier/plugin-php/-/plugin-php-0.16.3.tgz",
            "integrity": "sha512-DNidzeGpP+/wmcCAZNSHxgoAnhEosYG+no4jJRqln19e1o3Okpuir/2JMxb07VCwdG50IWjtNgVwNPVl4uj0Hg==",
            "dev": true,
            "requires": {
                "linguist-languages": "^7.5.1",
                "mem": "^8.0.0",
                "php-parser": "3.0.2"
            }
        },
        "balanced-match": {
            "version": "1.0.0",
            "resolved": "https://registry.npmjs.org/balanced-match/-/balanced-match-1.0.0.tgz",
            "integrity": "sha1-ibTRmasr7kneFk6gK4nORi1xt2c=",
            "dev": true
        },
        "brace-expansion": {
            "version": "1.1.11",
            "resolved": "https://registry.npmjs.org/brace-expansion/-/brace-expansion-1.1.11.tgz",
            "integrity": "sha512-iCuPHDFgrHX7H2vEI/5xpz07zSHB00TpugqhmYtVmMO6518mCuRMoOYFldEBl0g187ufozdaHgWKcYFb61qGiA==",
            "dev": true,
            "requires": {
                "balanced-match": "^1.0.0",
                "concat-map": "0.0.1"
            }
        },
        "concat-map": {
            "version": "0.0.1",
            "resolved": "https://registry.npmjs.org/concat-map/-/concat-map-0.0.1.tgz",
            "integrity": "sha1-2Klr13/Wjfd5OnMDajug1UBdR3s=",
            "dev": true
        },
        "fs.realpath": {
            "version": "1.0.0",
            "resolved": "https://registry.npmjs.org/fs.realpath/-/fs.realpath-1.0.0.tgz",
            "integrity": "sha1-FQStJSMVjKpA20onh8sBQRmU6k8=",
            "dev": true
        },
        "glob": {
            "version": "7.1.6",
            "resolved": "https://registry.npmjs.org/glob/-/glob-7.1.6.tgz",
            "integrity": "sha512-LwaxwyZ72Lk7vZINtNNrywX0ZuLyStrdDtabefZKAY5ZGJhVtgdznluResxNmPitE0SAO+O26sWTHeKSI2wMBA==",
            "dev": true,
            "requires": {
                "fs.realpath": "^1.0.0",
                "inflight": "^1.0.4",
                "inherits": "2",
                "minimatch": "^3.0.4",
                "once": "^1.3.0",
                "path-is-absolute": "^1.0.0"
            }
        },
        "inflight": {
            "version": "1.0.6",
            "resolved": "https://registry.npmjs.org/inflight/-/inflight-1.0.6.tgz",
            "integrity": "sha1-Sb1jMdfQLQwJvJEKEHW6gWW1bfk=",
            "dev": true,
            "requires": {
                "once": "^1.3.0",
                "wrappy": "1"
            }
        },
        "inherits": {
            "version": "2.0.4",
            "resolved": "https://registry.npmjs.org/inherits/-/inherits-2.0.4.tgz",
            "integrity": "sha512-k/vGaX4/Yla3WzyMCvTQOXYeIHvqOKtnqBduzTHpzpQZzAskKMhZ2K+EnBiSM9zGSoIFeMpXKxa4dYeZIQqewQ==",
            "dev": true
        },
        "linguist-languages": {
            "version": "7.9.0",
            "resolved": "https://registry.npmjs.org/linguist-languages/-/linguist-languages-7.9.0.tgz",
            "integrity": "sha512-saKTpS7BH8vOOwzrZNTkFL/DuT2JN7cg6oHWY8nAjt89+pV1qFcpbjEEcZdAv9ogc4DcxVFHkXmjeyU/DiFHQw==",
            "dev": true
        },
        "map-age-cleaner": {
            "version": "0.1.3",
            "resolved": "https://registry.npmjs.org/map-age-cleaner/-/map-age-cleaner-0.1.3.tgz",
            "integrity": "sha512-bJzx6nMoP6PDLPBFmg7+xRKeFZvFboMrGlxmNj9ClvX53KrmvM5bXFXEWjbz4cz1AFn+jWJ9z/DJSz7hrs0w3w==",
            "dev": true,
            "requires": {
                "p-defer": "^1.0.0"
            }
        },
        "matched": {
            "version": "5.0.0",
            "resolved": "https://registry.npmjs.org/matched/-/matched-5.0.0.tgz",
            "integrity": "sha512-O0LCuxYYBNBjP2dmAg0i6PME0Mb0dvjulpMC0tTIeMRh6kXYsugOT5GOWpFkSzqjQjgOUs/eiyvpVhXdN2La4g==",
            "dev": true,
            "requires": {
                "glob": "^7.1.6",
                "picomatch": "^2.2.1"
            }
        },
        "mem": {
            "version": "8.1.1",
            "resolved": "https://registry.npmjs.org/mem/-/mem-8.1.1.tgz",
            "integrity": "sha512-qFCFUDs7U3b8mBDPyz5EToEKoAkgCzqquIgi9nkkR9bixxOVOre+09lbuH7+9Kn2NFpm56M3GUWVbU2hQgdACA==",
            "dev": true,
            "requires": {
                "map-age-cleaner": "^0.1.3",
                "mimic-fn": "^3.1.0"
            }
        },
        "mimic-fn": {
            "version": "3.1.0",
            "resolved": "https://registry.npmjs.org/mimic-fn/-/mimic-fn-3.1.0.tgz",
            "integrity": "sha512-Ysbi9uYW9hFyfrThdDEQuykN4Ey6BuwPD2kpI5ES/nFTDn/98yxYNLZJcgUAKPT/mcrLLKaGzJR9YVxJrIdASQ==",
            "dev": true
        },
        "minimatch": {
            "version": "3.0.4",
            "resolved": "https://registry.npmjs.org/minimatch/-/minimatch-3.0.4.tgz",
            "integrity": "sha512-yJHVQEhyqPLUTgt9B83PXu6W3rx4MvvHvSUvToogpwoGDOUQ+yDrR0HRot+yOCdCO7u4hX3pWft6kWBBcqh0UA==",
            "dev": true,
            "requires": {
                "brace-expansion": "^1.1.7"
            }
        },
        "once": {
            "version": "1.4.0",
            "resolved": "https://registry.npmjs.org/once/-/once-1.4.0.tgz",
            "integrity": "sha1-WDsap3WWHUsROsF9nFC6753Xa9E=",
            "dev": true,
            "requires": {
                "wrappy": "1"
            }
        },
        "p-defer": {
            "version": "1.0.0",
            "resolved": "https://registry.npmjs.org/p-defer/-/p-defer-1.0.0.tgz",
            "integrity": "sha1-n26xgvbJqozXQwBKfU+WsZaw+ww=",
            "dev": true
        },
        "path-is-absolute": {
            "version": "1.0.1",
            "resolved": "https://registry.npmjs.org/path-is-absolute/-/path-is-absolute-1.0.1.tgz",
            "integrity": "sha1-F0uSaHNVNP+8es5r9TpanhtcX18=",
            "dev": true
        },
        "path-sort": {
            "version": "0.1.0",
            "resolved": "https://registry.npmjs.org/path-sort/-/path-sort-0.1.0.tgz",
            "integrity": "sha1-ywF11Oy/paGP5nTMbXIL/hXguAU=",
            "dev": true
        },
        "php-parser": {
            "version": "3.0.2",
            "resolved": "https://registry.npmjs.org/php-parser/-/php-parser-3.0.2.tgz",
            "integrity": "sha512-a7y1+odEGsceLDLpu7oNyspZ0pK8FMWJOoim4/yd82AtnEZNLdCLZ67arnOQZ9K0lHJiSp4/7lVUpGELVxE14w==",
            "dev": true
        },
        "picomatch": {
            "version": "2.2.2",
            "resolved": "https://registry.npmjs.org/picomatch/-/picomatch-2.2.2.tgz",
            "integrity": "sha512-q0M/9eZHzmr0AulXyPwNfZjtwZ/RBZlbN3K3CErVrk50T2ASYI7Bye0EvekFY3IP1Nt2DHu0re+V2ZHIpMkuWg==",
            "dev": true
        },
        "prettier": {
            "version": "2.3.1",
            "resolved": "https://registry.npmjs.org/prettier/-/prettier-2.3.1.tgz",
            "integrity": "sha512-p+vNbgpLjif/+D+DwAZAbndtRrR0md0MwfmOVN9N+2RgyACMT+7tfaRnT+WDPkqnuVwleyuBIG2XBxKDme3hPA==",
            "dev": true
        },
        "wp-pot": {
            "version": "1.9.8",
            "resolved": "https://registry.npmjs.org/wp-pot/-/wp-pot-1.9.8.tgz",
            "integrity": "sha512-F861Rx872AW57paoX9Pi8yQA9GW4grw/g7Koe//LSL2G1W0z3T+M/xMSFd2e//vWv2DAsoeiIkNpztpWhLxkTg==",
            "dev": true,
            "requires": {
                "matched": "^5.0.0",
                "path-sort": "^0.1.0",
                "php-parser": "^3.0.1"
            }
        },
        "wrappy": {
            "version": "1.0.2",
            "resolved": "https://registry.npmjs.org/wrappy/-/wrappy-1.0.2.tgz",
            "integrity": "sha1-tSQ9jz7BqjXxNkYFvA0QNuMKtp8=",
            "dev": true
        }
    }
}
